
Microsoft Visual Studio Solution File, Format Version 12.00
# Visual Studio 15
VisualStudioVersion = 15.0.26403.3
MinimumVisualStudioVersion = 10.0.40219.1
Project("{2150E333-8FDC-42A3-9474-1A3956D46DE8}") = ".build", ".build", "{6CB3CB17-7BB8-465A-AB42-37AD2F9093D8}"
	ProjectSection(SolutionItems) = preProject
		.build\build.ps1 = .build\build.ps1
	EndProjectSection
EndProject
Project("{9A19103F-16F7-4668-BE54-9A1E7A4F7556}") = "Spatial4n.Tests", "Spatial4n.Tests\Spatial4n.Tests.csproj", "{385FC6A2-E90E-4D13-B700-423489363E25}"
EndProject
Project("{FAE04EC0-301F-11D3-BF4B-00C04F79EFBC}") = "Spatial4n.Core", "Spatial4n.Core\Spatial4n.Core.csproj", "{55165E3E-85ED-4718-8D1B-D4C6110E3552}"
EndProject
Project("{FAE04EC0-301F-11D3-BF4B-00C04F79EFBC}") = "Spatial4n.Core.NTS", "Spatial4n.Core.NTS\Spatial4n.Core.NTS.csproj", "{FE15818D-3C0F-4156-AAF4-EFA40DE2726A}"
EndProject
Global
	GlobalSection(SolutionConfigurationPlatforms) = preSolution
		Debug_Strong_Name|Any CPU = Debug_Strong_Name|Any CPU
		Debug|Any CPU = Debug|Any CPU
		Release_Strong_Name|Any CPU = Release_Strong_Name|Any CPU
		Release|Any CPU = Release|Any CPU
	EndGlobalSection
	GlobalSection(ProjectConfigurationPlatforms) = postSolution
		{385FC6A2-E90E-4D13-B700-423489363E25}.Debug_Strong_Name|Any CPU.ActiveCfg = Debug|Any CPU
		{385FC6A2-E90E-4D13-B700-423489363E25}.Debug_Strong_Name|Any CPU.Build.0 = Debug|Any CPU
		{385FC6A2-E90E-4D13-B700-423489363E25}.Debug|Any CPU.ActiveCfg = Debug|Any CPU
		{385FC6A2-E90E-4D13-B700-423489363E25}.Debug|Any CPU.Build.0 = Debug|Any CPU
		{385FC6A2-E90E-4D13-B700-423489363E25}.Release_Strong_Name|Any CPU.ActiveCfg = Release|Any CPU
		{385FC6A2-E90E-4D13-B700-423489363E25}.Release_Strong_Name|Any CPU.Build.0 = Release|Any CPU
		{385FC6A2-E90E-4D13-B700-423489363E25}.Release|Any CPU.ActiveCfg = Release|Any CPU
		{385FC6A2-E90E-4D13-B700-423489363E25}.Release|Any CPU.Build.0 = Release|Any CPU
		{55165E3E-85ED-4718-8D1B-D4C6110E3552}.Debug_Strong_Name|Any CPU.ActiveCfg = Debug|Any CPU
		{55165E3E-85ED-4718-8D1B-D4C6110E3552}.Debug_Strong_Name|Any CPU.Build.0 = Debug|Any CPU
		{55165E3E-85ED-4718-8D1B-D4C6110E3552}.Debug|Any CPU.ActiveCfg = Debug|Any CPU
		{55165E3E-85ED-4718-8D1B-D4C6110E3552}.Debug|Any CPU.Build.0 = Debug|Any CPU
		{55165E3E-85ED-4718-8D1B-D4C6110E3552}.Release_Strong_Name|Any CPU.ActiveCfg = Release|Any CPU
		{55165E3E-85ED-4718-8D1B-D4C6110E3552}.Release_Strong_Name|Any CPU.Build.0 = Release|Any CPU
		{55165E3E-85ED-4718-8D1B-D4C6110E3552}.Release|Any CPU.ActiveCfg = Release|Any CPU
		{55165E3E-85ED-4718-8D1B-D4C6110E3552}.Release|Any CPU.Build.0 = Release|Any CPU
		{FE15818D-3C0F-4156-AAF4-EFA40DE2726A}.Debug_Strong_Name|Any CPU.ActiveCfg = Debug|Any CPU
		{FE15818D-3C0F-4156-AAF4-EFA40DE2726A}.Debug_Strong_Name|Any CPU.Build.0 = Debug|Any CPU
		{FE15818D-3C0F-4156-AAF4-EFA40DE2726A}.Debug|Any CPU.ActiveCfg = Debug|Any CPU
		{FE15818D-3C0F-4156-AAF4-EFA40DE2726A}.Debug|Any CPU.Build.0 = Debug|Any CPU
		{FE15818D-3C0F-4156-AAF4-EFA40DE2726A}.Release_Strong_Name|Any CPU.ActiveCfg = Release|Any CPU
		{FE15818D-3C0F-4156-AAF4-EFA40DE2726A}.Release_Strong_Name|Any CPU.Build.0 = Release|Any CPU
		{FE15818D-3C0F-4156-AAF4-EFA40DE2726A}.Release|Any CPU.ActiveCfg = Release|Any CPU
		{FE15818D-3C0F-4156-AAF4-EFA40DE2726A}.Release|Any CPU.Build.0 = Release|Any CPU
	EndGlobalSection
	GlobalSection(SolutionProperties) = preSolution
		HideSolutionNode = FALSE
	EndGlobalSection
EndGlobal
